
Microsoft Visual Studio Solution File, Format Version 12.00
# Visual Studio Version 17
VisualStudioVersion = 17.14.36811.4 d17.14
MinimumVisualStudioVersion = 10.0.40219.1
Project("{8BC9CEB8-8B4A-11D0-8D11-00A0C91BC942}") = "LaAutonomiaDeLosCoches", "LaAutonomiaDeLosCoches.vcxproj", "{41F576FE-5608-4A75-9F56-140D56710DFE}"
EndProject
Global
	GlobalSection(SolutionConfigurationPlatforms) = preSolution
		Debug|x64 = Debug|x64
		Debug|x86 = Debug|x86
		Release|x64 = Release|x64
		Release|x86 = Release|x86
	EndGlobalSection
	GlobalSection(ProjectConfigurationPlatforms) = postSolution
		{41F576FE-5608-4A75-9F56-140D56710DFE}.Debug|x64.ActiveCfg = Debug|x64
		{41F576FE-5608-4A75-9F56-140D56710DFE}.Debug|x64.Build.0 = Debug|x64
		{41F576FE-5608-4A75-9F56-140D56710DFE}.Debug|x86.ActiveCfg = Debug|Win32
		{41F576FE-5608-4A75-9F56-140D56710DFE}.Debug|x86.Build.0 = Debug|Win32
		{41F576FE-5608-4A75-9F56-140D56710DFE}.Release|x64.ActiveCfg = Release|x64
		{41F576FE-5608-4A75-9F56-140D56710DFE}.Release|x64.Build.0 = Release|x64
		{41F576FE-5608-4A75-9F56-140D56710DFE}.Release|x86.ActiveCfg = Release|Win32
		{41F576FE-5608-4A75-9F56-140D56710DFE}.Release|x86.Build.0 = Release|Win32
	EndGlobalSection
	GlobalSection(SolutionProperties) = preSolution
		HideSolutionNode = FALSE
	EndGlobalSection
	GlobalSection(ExtensibilityGlobals) = postSolution
		SolutionGuid = {037D629B-E58C-4BCD-83E9-C302C94CCA6E}
	EndGlobalSection
EndGlobal
