
Microsoft Visual Studio Solution File, Format Version 12.00
# Visual Studio Version 17
VisualStudioVersion = 17.14.36603.0 d17.14
MinimumVisualStudioVersion = 10.0.40219.1
Project("{8BC9CEB8-8B4A-11D0-8D11-00A0C91BC942}") = "MaratonDeCineDeTerror", "MaratonDeCineDeTerror.vcxproj", "{CC42EF1C-2E52-48D0-BD9F-EF3943363223}"
EndProject
Global
	GlobalSection(SolutionConfigurationPlatforms) = preSolution
		Debug|x64 = Debug|x64
		Debug|x86 = Debug|x86
		Release|x64 = Release|x64
		Release|x86 = Release|x86
	EndGlobalSection
	GlobalSection(ProjectConfigurationPlatforms) = postSolution
		{CC42EF1C-2E52-48D0-BD9F-EF3943363223}.Debug|x64.ActiveCfg = Debug|x64
		{CC42EF1C-2E52-48D0-BD9F-EF3943363223}.Debug|x64.Build.0 = Debug|x64
		{CC42EF1C-2E52-48D0-BD9F-EF3943363223}.Debug|x86.ActiveCfg = Debug|Win32
		{CC42EF1C-2E52-48D0-BD9F-EF3943363223}.Debug|x86.Build.0 = Debug|Win32
		{CC42EF1C-2E52-48D0-BD9F-EF3943363223}.Release|x64.ActiveCfg = Release|x64
		{CC42EF1C-2E52-48D0-BD9F-EF3943363223}.Release|x64.Build.0 = Release|x64
		{CC42EF1C-2E52-48D0-BD9F-EF3943363223}.Release|x86.ActiveCfg = Release|Win32
		{CC42EF1C-2E52-48D0-BD9F-EF3943363223}.Release|x86.Build.0 = Release|Win32
	EndGlobalSection
	GlobalSection(SolutionProperties) = preSolution
		HideSolutionNode = FALSE
	EndGlobalSection
	GlobalSection(ExtensibilityGlobals) = postSolution
		SolutionGuid = {6D536A05-326E-47B6-BC88-972EDDD69B6A}
	EndGlobalSection
EndGlobal
